Microsoft Visual Studio Solution File, Format Version 12.00
# Visual Studio Version 17
VisualStudioVersion = 17.0.32112.339
MinimumVisualStudioVersion = 15.0.26124.0
Project("{9A19103F-16F7-4668-BE54-9A1E7A4F7556}") = "Zip.InstallmentsService", "Zip.InstallmentsService\Zip.InstallmentsService.csproj", "{E7F1FB5D-5D7B-49D1-8F44-C31B60A7E1DC}"
EndProject
Project("{9A19103F-16F7-4668-BE54-9A1E7A4F7556}") = "Zip.InstallmentsService.Test", "Zip.InstallmentsService.Test\Zip.InstallmentsService.Test.csproj", "{DF298FE5-362D-44BD-AD57-7DFC04CEB8B7}"
EndProject
Project("{FAE04EC0-301F-11D3-BF4B-00C04F79EFBC}") = "Zip.InstallmentsApi", "Zip.InstallmentsApi\Zip.InstallmentsApi.csproj", "{25FA1160-FFE1-47F9-9CCC-1382BEFA6E40}"
EndProject
Project("{FAE04EC0-301F-11D3-BF4B-00C04F79EFBC}") = "Zip.InstallmentsModel", "Zip.InstallmentsModel\Zip.InstallmentsModel.csproj", "{61C53042-C837-4B94-8476-F9B6858925DA}"
EndProject
Project("{FAE04EC0-301F-11D3-BF4B-00C04F79EFBC}") = "Zip.InstallmentsEntity", "Zip.InstallmentsEntity\Zip.InstallmentsEntity.csproj", "{36566BA0-B967-43BC-B4A4-715CA2312511}"
EndProject
Project("{FAE04EC0-301F-11D3-BF4B-00C04F79EFBC}") = "Zip.InstallmentsContract", "Zip.InstallmentsContract\Zip.InstallmentsContract.csproj", "{D4703411-46FE-4052-AA47-78624EA25944}"
EndProject
Global
	GlobalSection(SolutionConfigurationPlatforms) = preSolution
		Debug|Any CPU = Debug|Any CPU
		Debug|x64 = Debug|x64
		Debug|x86 = Debug|x86
		Release|Any CPU = Release|Any CPU
		Release|x64 = Release|x64
		Release|x86 = Release|x86
	EndGlobalSection
	GlobalSection(ProjectConfigurationPlatforms) = postSolution
		{E7F1FB5D-5D7B-49D1-8F44-C31B60A7E1DC}.Debug|Any CPU.ActiveCfg = Debug|Any CPU
		{E7F1FB5D-5D7B-49D1-8F44-C31B60A7E1DC}.Debug|Any CPU.Build.0 = Debug|Any CPU
		{E7F1FB5D-5D7B-49D1-8F44-C31B60A7E1DC}.Debug|x64.ActiveCfg = Debug|Any CPU
		{E7F1FB5D-5D7B-49D1-8F44-C31B60A7E1DC}.Debug|x64.Build.0 = Debug|Any CPU
		{E7F1FB5D-5D7B-49D1-8F44-C31B60A7E1DC}.Debug|x86.ActiveCfg = Debug|Any CPU
		{E7F1FB5D-5D7B-49D1-8F44-C31B60A7E1DC}.Debug|x86.Build.0 = Debug|Any CPU
		{E7F1FB5D-5D7B-49D1-8F44-C31B60A7E1DC}.Release|Any CPU.ActiveCfg = Release|Any CPU
		{E7F1FB5D-5D7B-49D1-8F44-C31B60A7E1DC}.Release|Any CPU.Build.0 = Release|Any CPU
		{E7F1FB5D-5D7B-49D1-8F44-C31B60A7E1DC}.Release|x64.ActiveCfg = Release|Any CPU
		{E7F1FB5D-5D7B-49D1-8F44-C31B60A7E1DC}.Release|x64.Build.0 = Release|Any CPU
		{E7F1FB5D-5D7B-49D1-8F44-C31B60A7E1DC}.Release|x86.ActiveCfg = Release|Any CPU
		{E7F1FB5D-5D7B-49D1-8F44-C31B60A7E1DC}.Release|x86.Build.0 = Release|Any CPU
		{DF298FE5-362D-44BD-AD57-7DFC04CEB8B7}.Debug|Any CPU.ActiveCfg = Debug|Any CPU
		{DF298FE5-362D-44BD-AD57-7DFC04CEB8B7}.Debug|Any CPU.Build.0 = Debug|Any CPU
		{DF298FE5-362D-44BD-AD57-7DFC04CEB8B7}.Debug|x64.ActiveCfg = Debug|Any CPU
		{DF298FE5-362D-44BD-AD57-7DFC04CEB8B7}.Debug|x64.Build.0 = Debug|Any CPU
		{DF298FE5-362D-44BD-AD57-7DFC04CEB8B7}.Debug|x86.ActiveCfg = Debug|Any CPU
		{DF298FE5-362D-44BD-AD57-7DFC04CEB8B7}.Debug|x86.Build.0 = Debug|Any CPU
		{DF298FE5-362D-44BD-AD57-7DFC04CEB8B7}.Release|Any CPU.ActiveCfg = Release|Any CPU
		{DF298FE5-362D-44BD-AD57-7DFC04CEB8B7}.Release|Any CPU.Build.0 = Release|Any CPU
		{DF298FE5-362D-44BD-AD57-7DFC04CEB8B7}.Release|x64.ActiveCfg = Release|Any CPU
		{DF298FE5-362D-44BD-AD57-7DFC04CEB8B7}.Release|x64.Build.0 = Release|Any CPU
		{DF298FE5-362D-44BD-AD57-7DFC04CEB8B7}.Release|x86.ActiveCfg = Release|Any CPU
		{DF298FE5-362D-44BD-AD57-7DFC04CEB8B7}.Release|x86.Build.0 = Release|Any CPU
		{25FA1160-FFE1-47F9-9CCC-1382BEFA6E40}.Debug|Any CPU.ActiveCfg = Debug|Any CPU
		{25FA1160-FFE1-47F9-9CCC-1382BEFA6E40}.Debug|Any CPU.Build.0 = Debug|Any CPU
		{25FA1160-FFE1-47F9-9CCC-1382BEFA6E40}.Debug|x64.ActiveCfg = Debug|Any CPU
		{25FA1160-FFE1-47F9-9CCC-1382BEFA6E40}.Debug|x64.Build.0 = Debug|Any CPU
		{25FA1160-FFE1-47F9-9CCC-1382BEFA6E40}.Debug|x86.ActiveCfg = Debug|Any CPU
		{25FA1160-FFE1-47F9-9CCC-1382BEFA6E40}.Debug|x86.Build.0 = Debug|Any CPU
		{25FA1160-FFE1-47F9-9CCC-1382BEFA6E40}.Release|Any CPU.ActiveCfg = Release|Any CPU
		{25FA1160-FFE1-47F9-9CCC-1382BEFA6E40}.Release|Any CPU.Build.0 = Release|Any CPU
		{25FA1160-FFE1-47F9-9CCC-1382BEFA6E40}.Release|x64.ActiveCfg = Release|Any CPU
		{25FA1160-FFE1-47F9-9CCC-1382BEFA6E40}.Release|x64.Build.0 = Release|Any CPU
		{25FA1160-FFE1-47F9-9CCC-1382BEFA6E40}.Release|x86.ActiveCfg = Release|Any CPU
		{25FA1160-FFE1-47F9-9CCC-1382BEFA6E40}.Release|x86.Build.0 = Release|Any CPU
		{61C53042-C837-4B94-8476-F9B6858925DA}.Debug|Any CPU.ActiveCfg = Debug|Any CPU
		{61C53042-C837-4B94-8476-F9B6858925DA}.Debug|Any CPU.Build.0 = Debug|Any CPU
		{61C53042-C837-4B94-8476-F9B6858925DA}.Debug|x64.ActiveCfg = Debug|Any CPU
		{61C53042-C837-4B94-8476-F9B6858925DA}.Debug|x64.Build.0 = Debug|Any CPU
		{61C53042-C837-4B94-8476-F9B6858925DA}.Debug|x86.ActiveCfg = Debug|Any CPU
		{61C53042-C837-4B94-8476-F9B6858925DA}.Debug|x86.Build.0 = Debug|Any CPU
		{61C53042-C837-4B94-8476-F9B6858925DA}.Release|Any CPU.ActiveCfg = Release|Any CPU
		{61C53042-C837-4B94-8476-F9B6858925DA}.Release|Any CPU.Build.0 = Release|Any CPU
		{61C53042-C837-4B94-8476-F9B6858925DA}.Release|x64.ActiveCfg = Release|Any CPU
		{61C53042-C837-4B94-8476-F9B6858925DA}.Release|x64.Build.0 = Release|Any CPU
		{61C53042-C837-4B94-8476-F9B6858925DA}.Release|x86.ActiveCfg = Release|Any CPU
		{61C53042-C837-4B94-8476-F9B6858925DA}.Release|x86.Build.0 = Release|Any CPU
		{36566BA0-B967-43BC-B4A4-715CA2312511}.Debug|Any CPU.ActiveCfg = Debug|Any CPU
		{36566BA0-B967-43BC-B4A4-715CA2312511}.Debug|Any CPU.Build.0 = Debug|Any CPU
		{36566BA0-B967-43BC-B4A4-715CA2312511}.Debug|x64.ActiveCfg = Debug|Any CPU
		{36566BA0-B967-43BC-B4A4-715CA2312511}.Debug|x64.Build.0 = Debug|Any CPU
		{36566BA0-B967-43BC-B4A4-715CA2312511}.Debug|x86.ActiveCfg = Debug|Any CPU
		{36566BA0-B967-43BC-B4A4-715CA2312511}.Debug|x86.Build.0 = Debug|Any CPU
		{36566BA0-B967-43BC-B4A4-715CA2312511}.Release|Any CPU.ActiveCfg = Release|Any CPU
		{36566BA0-B967-43BC-B4A4-715CA2312511}.Release|Any CPU.Build.0 = Release|Any CPU
		{36566BA0-B967-43BC-B4A4-715CA2312511}.Release|x64.ActiveCfg = Release|Any CPU
		{36566BA0-B967-43BC-B4A4-715CA2312511}.Release|x64.Build.0 = Release|Any CPU
		{36566BA0-B967-43BC-B4A4-715CA2312511}.Release|x86.ActiveCfg = Release|Any CPU
		{36566BA0-B967-43BC-B4A4-715CA2312511}.Release|x86.Build.0 = Release|Any CPU
		{D4703411-46FE-4052-AA47-78624EA25944}.Debug|Any CPU.ActiveCfg = Debug|Any CPU
		{D4703411-46FE-4052-AA47-78624EA25944}.Debug|Any CPU.Build.0 = Debug|Any CPU
		{D4703411-46FE-4052-AA47-78624EA25944}.Debug|x64.ActiveCfg = Debug|Any CPU
		{D4703411-46FE-4052-AA47-78624EA25944}.Debug|x64.Build.0 = Debug|Any CPU
		{D4703411-46FE-4052-AA47-78624EA25944}.Debug|x86.ActiveCfg = Debug|Any CPU
		{D4703411-46FE-4052-AA47-78624EA25944}.Debug|x86.Build.0 = Debug|Any CPU
		{D4703411-46FE-4052-AA47-78624EA25944}.Release|Any CPU.ActiveCfg = Release|Any CPU
		{D4703411-46FE-4052-AA47-78624EA25944}.Release|Any CPU.Build.0 = Release|Any CPU
		{D4703411-46FE-4052-AA47-78624EA25944}.Release|x64.ActiveCfg = Release|Any CPU
		{D4703411-46FE-4052-AA47-78624EA25944}.Release|x64.Build.0 = Release|Any CPU
		{D4703411-46FE-4052-AA47-78624EA25944}.Release|x86.ActiveCfg = Release|Any CPU
		{D4703411-46FE-4052-AA47-78624EA25944}.Release|x86.Build.0 = Release|Any CPU
	EndGlobalSection
	GlobalSection(SolutionProperties) = preSolution
		HideSolutionNode = FALSE
	EndGlobalSection
	GlobalSection(ExtensibilityGlobals) = postSolution
		SolutionGuid = {0271CFDF-68B1-4A22-9BE0-42AB8CF71581}
	EndGlobalSection
EndGlobal
